// !$*UTF8*$!
{
	archiveVersion = 1;
	classes = {
	};
	objectVersion = 77;
	objects = {

/* Begin PBXContainerItemProxy section */
		0A789B312F0C454F0022B708 /* PBXContainerItemProxy */ = {
			isa = PBXContainerItemProxy;
			containerPortal = 0A789B1B2F0C454E0022B708 /* Project object */;
			proxyType = 1;
			remoteGlobalIDString = 0A789B222F0C454E0022B708;
			remoteInfo = "File City";
		};
		0A789B3B2F0C454F0022B708 /* PBXContainerItemProxy */ = {
			isa = PBXContainerItemProxy;
			containerPortal = 0A789B1B2F0C454E0022B708 /* Project object */;
			proxyType = 1;
			remoteGlobalIDString = 0A789B222F0C454E0022B708;
			remoteInfo = "File City";
		};
		4585A6BC63AB4246BA73398E /* PBXContainerItemProxy */ = {
			isa = PBXContainerItemProxy;
			containerPortal = 0A789B1B2F0C454E0022B708 /* Project object */;
			proxyType = 1;
			remoteGlobalIDString = C08D2B70245A4F9691AA869B;
			remoteInfo = "com.kevintang.filecity.helper";
		};
/* End PBXContainerItemProxy section */

/* Begin PBXFileReference section */
		0A789B232F0C454E0022B708 /* File City.app */ = {isa = PBXFileReference; explicitFileType = wrapper.application; includeInIndex = 0; path = "File City.app"; sourceTree = BUILT_PRODUCTS_DIR; };
		0A789B302F0C454F0022B708 /* File CityTests.xctest */ = {isa = PBXFileReference; explicitFileType = wrapper.cfbundle; includeInIndex = 0; path = "File CityTests.xctest"; sourceTree = BUILT_PRODUCTS_DIR; };
		0A789B3A2F0C454F0022B708 /* File CityUITests.xctest */ = {isa = PBXFileReference; explicitFileType = wrapper.cfbundle; includeInIndex = 0; path = "File CityUITests.xctest"; sourceTree = BUILT_PRODUCTS_DIR; };
		334B78E1F3E04CBE8A62EDF4 /* com.kevintang.filecity.helper */ = {isa = PBXFileReference; explicitFileType = "compiled.mach-o.executable"; includeInIndex = 0; path = "com.kevintang.filecity.helper"; sourceTree = BUILT_PRODUCTS_DIR; };
		B9C30F03A33540A29F9C62F5 /* main.swift */ = {isa = PBXFileReference; lastKnownFileType = sourcecode.swift; path = main.swift; sourceTree = "<group>"; };
		BD14B56231CA40EF91179A9C /* HelperProtocol.swift */ = {isa = PBXFileReference; lastKnownFileType = sourcecode.swift; path = HelperProtocol.swift; sourceTree = "<group>"; };
		B887DCA613A24B6BBECD8AC2 /* Info.plist */ = {isa = PBXFileReference; lastKnownFileType = text.plist.xml; path = Info.plist; sourceTree = "<group>"; };
		A8865E48544644FB999AC167 /* launchd.plist */ = {isa = PBXFileReference; lastKnownFileType = text.plist.xml; path = launchd.plist; sourceTree = "<group>"; };
/* End PBXFileReference section */

/* Begin PBXFileSystemSynchronizedRootGroup section */
		0A789B252F0C454E0022B708 /* File City */ = {
			isa = PBXFileSystemSynchronizedRootGroup;
			path = "File City";
			sourceTree = "<group>";
		};
		0A789B332F0C454F0022B708 /* File CityTests */ = {
			isa = PBXFileSystemSynchronizedRootGroup;
			path = "File CityTests";
			sourceTree = "<group>";
		};
		0A789B3D2F0C454F0022B708 /* File CityUITests */ = {
			isa = PBXFileSystemSynchronizedRootGroup;
			path = "File CityUITests";
			sourceTree = "<group>";
		};
/* End PBXFileSystemSynchronizedRootGroup section */

/* Begin PBXFrameworksBuildPhase section */
		0A789B202F0C454E0022B708 /* Frameworks */ = {
			isa = PBXFrameworksBuildPhase;
			buildActionMask = 2147483647;
			files = (
			);
			runOnlyForDeploymentPostprocessing = 0;
		};
		0A789B2D2F0C454F0022B708 /* Frameworks */ = {
			isa = PBXFrameworksBuildPhase;
			buildActionMask = 2147483647;
			files = (
			);
			runOnlyForDeploymentPostprocessing = 0;
		};
		0A789B372F0C454F0022B708 /* Frameworks */ = {
			isa = PBXFrameworksBuildPhase;
			buildActionMask = 2147483647;
			files = (
			);
			runOnlyForDeploymentPostprocessing = 0;
		};
/* End PBXFrameworksBuildPhase section */

/* Begin PBXGroup section */
		0A789B1A2F0C454E0022B708 = {
			isa = PBXGroup;
			children = (
				0A789B252F0C454E0022B708 /* File City */,
				71A2950EAF004EAD9E3B0BC1 /* Helper */,
				0A789B332F0C454F0022B708 /* File CityTests */,
				0A789B3D2F0C454F0022B708 /* File CityUITests */,
				0A789B242F0C454E0022B708 /* Products */,
			);
			sourceTree = "<group>";
		};
		0A789B242F0C454E0022B708 /* Products */ = {
			isa = PBXGroup;
			children = (
				0A789B232F0C454E0022B708 /* File City.app */,
				0A789B302F0C454F0022B708 /* File CityTests.xctest */,
				0A789B3A2F0C454F0022B708 /* File CityUITests.xctest */,
				334B78E1F3E04CBE8A62EDF4 /* com.kevintang.filecity.helper */,
			);
			name = Products;
			sourceTree = "<group>";
		};
		71A2950EAF004EAD9E3B0BC1 /* Helper */ = {
			isa = PBXGroup;
			children = (
				B9C30F03A33540A29F9C62F5 /* main.swift */,
				BD14B56231CA40EF91179A9C /* HelperProtocol.swift */,
				B887DCA613A24B6BBECD8AC2 /* Info.plist */,
				A8865E48544644FB999AC167 /* launchd.plist */,
			);
			path = Helper;
			sourceTree = "<group>";
		};
/* End PBXGroup section */

/* Begin PBXNativeTarget section */
		0A789B222F0C454E0022B708 /* File City */ = {
			isa = PBXNativeTarget;
			buildConfigurationList = 0A789B442F0C454F0022B708 /* Build configuration list for PBXNativeTarget "File City" */;
			buildPhases = (
				0A789B1F2F0C454E0022B708 /* Sources */,
				0A789B202F0C454E0022B708 /* Frameworks */,
				0A789B212F0C454E0022B708 /* Resources */,
				0441CE99660747BB95839A51 /* Copy Files */,
			);
			buildRules = (
			);
			dependencies = (
				072358D4DFFE41C68FD06DC6 /* PBXTargetDependency */,
			);
			fileSystemSynchronizedGroups = (
				0A789B252F0C454E0022B708 /* File City */,
			);
			name = "File City";
			packageProductDependencies = (
			);
			productName = "File City";
			productReference = 0A789B232F0C454E0022B708 /* File City.app */;
			productType = "com.apple.product-type.application";
		};
		C08D2B70245A4F9691AA869B /* com.kevintang.filecity.helper */ = {
			isa = PBXNativeTarget;
			buildConfigurationList = A48332CC4FB4429384417594 /* Build configuration list for PBXNativeTarget "com.kevintang.filecity.helper" */;
			buildPhases = (
				D383993005F948BCAF853421 /* Sources */,
				B2C1AF2CB87A4FB2B692C415 /* Frameworks */,
			);
			buildRules = (
			);
			dependencies = (
			);
			name = "com.kevintang.filecity.helper";
			productName = "com.kevintang.filecity.helper";
			productReference = 334B78E1F3E04CBE8A62EDF4 /* com.kevintang.filecity.helper */;
			productType = "com.apple.product-type.tool";
		};
		0A789B2F2F0C454F0022B708 /* File CityTests */ = {
			isa = PBXNativeTarget;
			buildConfigurationList = 0A789B472F0C454F0022B708 /* Build configuration list for PBXNativeTarget "File CityTests" */;
			buildPhases = (
				0A789B2C2F0C454F0022B708 /* Sources */,
				0A789B2D2F0C454F0022B708 /* Frameworks */,
				0A789B2E2F0C454F0022B708 /* Resources */,
			);
			buildRules = (
			);
			dependencies = (
				0A789B322F0C454F0022B708 /* PBXTargetDependency */,
			);
			fileSystemSynchronizedGroups = (
				0A789B332F0C454F0022B708 /* File CityTests */,
			);
			name = "File CityTests";
			packageProductDependencies = (
			);
			productName = "File CityTests";
			productReference = 0A789B302F0C454F0022B708 /* File CityTests.xctest */;
			productType = "com.apple.product-type.bundle.unit-test";
		};
		0A789B392F0C454F0022B708 /* File CityUITests */ = {
			isa = PBXNativeTarget;
			buildConfigurationList = 0A789B4A2F0C454F0022B708 /* Build configuration list for PBXNativeTarget "File CityUITests" */;
			buildPhases = (
				0A789B362F0C454F0022B708 /* Sources */,
				0A789B372F0C454F0022B708 /* Frameworks */,
				0A789B382F0C454F0022B708 /* Resources */,
			);
			buildRules = (
			);
			dependencies = (
				0A789B3C2F0C454F0022B708 /* PBXTargetDependency */,
			);
			fileSystemSynchronizedGroups = (
				0A789B3D2F0C454F0022B708 /* File CityUITests */,
			);
			name = "File CityUITests";
			packageProductDependencies = (
			);
			productName = "File CityUITests";
			productReference = 0A789B3A2F0C454F0022B708 /* File CityUITests.xctest */;
			productType = "com.apple.product-type.bundle.ui-testing";
		};
/* End PBXNativeTarget section */

/* Begin PBXProject section */
		0A789B1B2F0C454E0022B708 /* Project object */ = {
			isa = PBXProject;
			attributes = {
				BuildIndependentTargetsInParallel = 1;
				LastSwiftUpdateCheck = 2620;
				LastUpgradeCheck = 2620;
				TargetAttributes = {
					0A789B222F0C454E0022B708 = {
						CreatedOnToolsVersion = 26.2;
					};
					C08D2B70245A4F9691AA869B = {
						CreatedOnToolsVersion = 26.2;
					};
					0A789B2F2F0C454F0022B708 = {
						CreatedOnToolsVersion = 26.2;
						TestTargetID = 0A789B222F0C454E0022B708;
					};
					0A789B392F0C454F0022B708 = {
						CreatedOnToolsVersion = 26.2;
						TestTargetID = 0A789B222F0C454E0022B708;
					};
				};
			};
			buildConfigurationList = 0A789B1E2F0C454E0022B708 /* Build configuration list for PBXProject "File City" */;
			developmentRegion = en;
			hasScannedForEncodings = 0;
			knownRegions = (
				en,
				Base,
			);
			mainGroup = 0A789B1A2F0C454E0022B708;
			minimizedProjectReferenceProxies = 1;
			preferredProjectObjectVersion = 77;
			productRefGroup = 0A789B242F0C454E0022B708 /* Products */;
			projectDirPath = "";
			projectRoot = "";
			targets = (
				0A789B222F0C454E0022B708 /* File City */,
				C08D2B70245A4F9691AA869B /* com.kevintang.filecity.helper */,
				0A789B2F2F0C454F0022B708 /* File CityTests */,
				0A789B392F0C454F0022B708 /* File CityUITests */,
			);
		};
/* End PBXProject section */

/* Begin PBXResourcesBuildPhase section */
		0A789B212F0C454E0022B708 /* Resources */ = {
			isa = PBXResourcesBuildPhase;
			buildActionMask = 2147483647;
			files = (
			);
			runOnlyForDeploymentPostprocessing = 0;
		};
		0A789B2E2F0C454F0022B708 /* Resources */ = {
			isa = PBXResourcesBuildPhase;
			buildActionMask = 2147483647;
			files = (
			);
			runOnlyForDeploymentPostprocessing = 0;
		};
		0A789B382F0C454F0022B708 /* Resources */ = {
			isa = PBXResourcesBuildPhase;
			buildActionMask = 2147483647;
			files = (
			);
			runOnlyForDeploymentPostprocessing = 0;
		};
/* End PBXResourcesBuildPhase section */

/* Begin PBXCopyFilesBuildPhase section */
		0441CE99660747BB95839A51 /* Copy Files */ = {
			isa = PBXCopyFilesBuildPhase;
			buildActionMask = 2147483647;
			dstPath = "Contents/Library/LaunchServices";
			dstSubfolderSpec = 1;
			files = (
				6AD56D2413D44C82B0F87814 /* com.kevintang.filecity.helper in Copy Files */,
			);
			name = "Copy Files";
			runOnlyForDeploymentPostprocessing = 0;
		};
/* End PBXCopyFilesBuildPhase section */

/* Begin PBXBuildFile section */
		B0416F36E077444286A7FB6B /* main.swift in Sources */ = {isa = PBXBuildFile; fileRef = B9C30F03A33540A29F9C62F5 /* main.swift */; };
		B3DD8B9920B549BFADAFD72B /* HelperProtocol.swift in Sources */ = {isa = PBXBuildFile; fileRef = BD14B56231CA40EF91179A9C /* HelperProtocol.swift */; };
		6AD56D2413D44C82B0F87814 /* com.kevintang.filecity.helper in Copy Files */ = {isa = PBXBuildFile; fileRef = 334B78E1F3E04CBE8A62EDF4 /* com.kevintang.filecity.helper */; settings = {ATTRIBUTES = (CodeSignOnCopy, ); }; };
/* End PBXBuildFile section */

/* Begin PBXSourcesBuildPhase section */
		D383993005F948BCAF853421 /* Sources */ = {
			isa = PBXSourcesBuildPhase;
			buildActionMask = 2147483647;
			files = (
				B0416F36E077444286A7FB6B /* main.swift in Sources */,
				B3DD8B9920B549BFADAFD72B /* HelperProtocol.swift in Sources */,
			);
			runOnlyForDeploymentPostprocessing = 0;
		};
		B2C1AF2CB87A4FB2B692C415 /* Frameworks */ = {
			isa = PBXFrameworksBuildPhase;
			buildActionMask = 2147483647;
			files = (
			);
			runOnlyForDeploymentPostprocessing = 0;
		};
		0A789B1F2F0C454E0022B708 /* Sources */ = {
			isa = PBXSourcesBuildPhase;
			buildActionMask = 2147483647;
			files = (
			);
			runOnlyForDeploymentPostprocessing = 0;
		};
		0A789B2C2F0C454F0022B708 /* Sources */ = {
			isa = PBXSourcesBuildPhase;
			buildActionMask = 2147483647;
			files = (
			);
			runOnlyForDeploymentPostprocessing = 0;
		};
		0A789B362F0C454F0022B708 /* Sources */ = {
			isa = PBXSourcesBuildPhase;
			buildActionMask = 2147483647;
			files = (
			);
			runOnlyForDeploymentPostprocessing = 0;
		};
/* End PBXSourcesBuildPhase section */

/* Begin PBXTargetDependency section */
		0A789B322F0C454F0022B708 /* PBXTargetDependency */ = {
			isa = PBXTargetDependency;
			target = 0A789B222F0C454E0022B708 /* File City */;
			targetProxy = 0A789B312F0C454F0022B708 /* PBXContainerItemProxy */;
		};
		0A789B3C2F0C454F0022B708 /* PBXTargetDependency */ = {
			isa = PBXTargetDependency;
			target = 0A789B222F0C454E0022B708 /* File City */;
			targetProxy = 0A789B3B2F0C454F0022B708 /* PBXContainerItemProxy */;
		};
		072358D4DFFE41C68FD06DC6 /* PBXTargetDependency */ = {
			isa = PBXTargetDependency;
			target = C08D2B70245A4F9691AA869B /* com.kevintang.filecity.helper */;
			targetProxy = 4585A6BC63AB4246BA73398E /* PBXContainerItemProxy */;
		};
/* End PBXTargetDependency section */

/* Begin XCBuildConfiguration section */
		0A789B422F0C454F0022B708 /* Debug */ = {
			isa = XCBuildConfiguration;
			buildSettings = {
				ALWAYS_SEARCH_USER_PATHS = NO;
				ASSETCATALOG_COMPILER_GENERATE_SWIFT_ASSET_SYMBOL_EXTENSIONS = YES;
				CLANG_ANALYZER_NONNULL = YES;
				CLANG_ANALYZER_NUMBER_OBJECT_CONVERSION = YES_AGGRESSIVE;
				CLANG_CXX_LANGUAGE_STANDARD = "gnu++20";
				CLANG_ENABLE_MODULES = YES;
				CLANG_ENABLE_OBJC_ARC = YES;
				CLANG_ENABLE_OBJC_WEAK = YES;
				CLANG_WARN_BLOCK_CAPTURE_AUTORELEASING = YES;
				CLANG_WARN_BOOL_CONVERSION = YES;
				CLANG_WARN_COMMA = YES;
				CLANG_WARN_CONSTANT_CONVERSION = YES;
				CLANG_WARN_DEPRECATED_OBJC_IMPLEMENTATIONS = YES;
				CLANG_WARN_DIRECT_OBJC_ISA_USAGE = YES_ERROR;
				CLANG_WARN_DOCUMENTATION_COMMENTS = YES;
				CLANG_WARN_EMPTY_BODY = YES;
				CLANG_WARN_ENUM_CONVERSION = YES;
				CLANG_WARN_INFINITE_RECURSION = YES;
				CLANG_WARN_INT_CONVERSION = YES;
				CLANG_WARN_NON_LITERAL_NULL_CONVERSION = YES;
				CLANG_WARN_OBJC_IMPLICIT_RETAIN_SELF = YES;
				CLANG_WARN_OBJC_LITERAL_CONVERSION = YES;
				CLANG_WARN_OBJC_ROOT_CLASS = YES_ERROR;
				CLANG_WARN_QUOTED_INCLUDE_IN_FRAMEWORK_HEADER = YES;
				CLANG_WARN_RANGE_LOOP_ANALYSIS = YES;
				CLANG_WARN_STRICT_PROTOTYPES = YES;
				CLANG_WARN_SUSPICIOUS_MOVE = YES;
				CLANG_WARN_UNGUARDED_AVAILABILITY = YES_AGGRESSIVE;
				CLANG_WARN_UNREACHABLE_CODE = YES;
				CLANG_WARN__DUPLICATE_METHOD_MATCH = YES;
				COPY_PHASE_STRIP = NO;
				DEBUG_INFORMATION_FORMAT = dwarf;
				DEVELOPMENT_TEAM = 542GXYT5Z2;
				ENABLE_STRICT_OBJC_MSGSEND = YES;
				ENABLE_TESTABILITY = YES;
				ENABLE_USER_SCRIPT_SANDBOXING = YES;
				GCC_C_LANGUAGE_STANDARD = gnu17;
				GCC_DYNAMIC_NO_PIC = NO;
				GCC_NO_COMMON_BLOCKS = YES;
				GCC_OPTIMIZATION_LEVEL = 0;
				GCC_PREPROCESSOR_DEFINITIONS = (
					"DEBUG=1",
					"$(inherited)",
				);
				GCC_WARN_64_TO_32_BIT_CONVERSION = YES;
				GCC_WARN_ABOUT_RETURN_TYPE = YES_ERROR;
				GCC_WARN_UNDECLARED_SELECTOR = YES;
				GCC_WARN_UNINITIALIZED_AUTOS = YES_AGGRESSIVE;
				GCC_WARN_UNUSED_FUNCTION = YES;
				GCC_WARN_UNUSED_VARIABLE = YES;
				LOCALIZATION_PREFERS_STRING_CATALOGS = YES;
				MACOSX_DEPLOYMENT_TARGET = 26.2;
				MTL_ENABLE_DEBUG_INFO = INCLUDE_SOURCE;
				MTL_FAST_MATH = YES;
				ONLY_ACTIVE_ARCH = YES;
				SDKROOT = macosx;
				SWIFT_ACTIVE_COMPILATION_CONDITIONS = "DEBUG $(inherited)";
				SWIFT_OPTIMIZATION_LEVEL = "-Onone";
			};
			name = Debug;
		};
		0A789B432F0C454F0022B708 /* Release */ = {
			isa = XCBuildConfiguration;
			buildSettings = {
				ALWAYS_SEARCH_USER_PATHS = NO;
				ASSETCATALOG_COMPILER_GENERATE_SWIFT_ASSET_SYMBOL_EXTENSIONS = YES;
				CLANG_ANALYZER_NONNULL = YES;
				CLANG_ANALYZER_NUMBER_OBJECT_CONVERSION = YES_AGGRESSIVE;
				CLANG_CXX_LANGUAGE_STANDARD = "gnu++20";
				CLANG_ENABLE_MODULES = YES;
				CLANG_ENABLE_OBJC_ARC = YES;
				CLANG_ENABLE_OBJC_WEAK = YES;
				CLANG_WARN_BLOCK_CAPTURE_AUTORELEASING = YES;
				CLANG_WARN_BOOL_CONVERSION = YES;
				CLANG_WARN_COMMA = YES;
				CLANG_WARN_CONSTANT_CONVERSION = YES;
				CLANG_WARN_DEPRECATED_OBJC_IMPLEMENTATIONS = YES;
				CLANG_WARN_DIRECT_OBJC_ISA_USAGE = YES_ERROR;
				CLANG_WARN_DOCUMENTATION_COMMENTS = YES;
				CLANG_WARN_EMPTY_BODY = YES;
				CLANG_WARN_ENUM_CONVERSION = YES;
				CLANG_WARN_INFINITE_RECURSION = YES;
				CLANG_WARN_INT_CONVERSION = YES;
				CLANG_WARN_NON_LITERAL_NULL_CONVERSION = YES;
				CLANG_WARN_OBJC_IMPLICIT_RETAIN_SELF = YES;
				CLANG_WARN_OBJC_LITERAL_CONVERSION = YES;
				CLANG_WARN_OBJC_ROOT_CLASS = YES_ERROR;
				CLANG_WARN_QUOTED_INCLUDE_IN_FRAMEWORK_HEADER = YES;
				CLANG_WARN_RANGE_LOOP_ANALYSIS = YES;
				CLANG_WARN_STRICT_PROTOTYPES = YES;
				CLANG_WARN_SUSPICIOUS_MOVE = YES;
				CLANG_WARN_UNGUARDED_AVAILABILITY = YES_AGGRESSIVE;
				CLANG_WARN_UNREACHABLE_CODE = YES;
				CLANG_WARN__DUPLICATE_METHOD_MATCH = YES;
				COPY_PHASE_STRIP = NO;
				DEBUG_INFORMATION_FORMAT = "dwarf-with-dsym";
				DEVELOPMENT_TEAM = 542GXYT5Z2;
				ENABLE_NS_ASSERTIONS = NO;
				ENABLE_STRICT_OBJC_MSGSEND = YES;
				ENABLE_USER_SCRIPT_SANDBOXING = YES;
				GCC_C_LANGUAGE_STANDARD = gnu17;
				GCC_NO_COMMON_BLOCKS = YES;
				GCC_WARN_64_TO_32_BIT_CONVERSION = YES;
				GCC_WARN_ABOUT_RETURN_TYPE = YES_ERROR;
				GCC_WARN_UNDECLARED_SELECTOR = YES;
				GCC_WARN_UNINITIALIZED_AUTOS = YES_AGGRESSIVE;
				GCC_WARN_UNUSED_FUNCTION = YES;
				GCC_WARN_UNUSED_VARIABLE = YES;
				LOCALIZATION_PREFERS_STRING_CATALOGS = YES;
				MACOSX_DEPLOYMENT_TARGET = 26.2;
				MTL_ENABLE_DEBUG_INFO = NO;
				MTL_FAST_MATH = YES;
				SDKROOT = macosx;
				SWIFT_COMPILATION_MODE = wholemodule;
			};
			name = Release;
		};
		0A789B452F0C454F0022B708 /* Debug */ = {
			isa = XCBuildConfiguration;
			buildSettings = {
				ASSETCATALOG_COMPILER_APPICON_NAME = AppIcon;
				ASSETCATALOG_COMPILER_GLOBAL_ACCENT_COLOR_NAME = AccentColor;
				AUTOMATION_APPLE_EVENTS = NO;
				CODE_SIGN_STYLE = Automatic;
				COMBINE_HIDPI_IMAGES = YES;
				CURRENT_PROJECT_VERSION = 1;
				DEVELOPMENT_TEAM = 542GXYT5Z2;
				ENABLE_APP_SANDBOX = NO;
				ENABLE_HARDENED_RUNTIME = NO;
				ENABLE_PREVIEWS = YES;
				ENABLE_RESOURCE_ACCESS_AUDIO_INPUT = NO;
				ENABLE_RESOURCE_ACCESS_CALENDARS = NO;
				ENABLE_RESOURCE_ACCESS_CAMERA = NO;
				ENABLE_RESOURCE_ACCESS_CONTACTS = NO;
				ENABLE_RESOURCE_ACCESS_LOCATION = NO;
				ENABLE_RESOURCE_ACCESS_PHOTO_LIBRARY = NO;
				GENERATE_INFOPLIST_FILE = NO;
				INFOPLIST_FILE = "File City/Resources/Info.plist";
				INFOPLIST_KEY_NSHumanReadableCopyright = "";
				LD_RUNPATH_SEARCH_PATHS = (
					"$(inherited)",
					"@executable_path/../Frameworks",
				);
				MARKETING_VERSION = 1.0;
				PRODUCT_BUNDLE_IDENTIFIER = "KevinTang.File-City";
				PRODUCT_NAME = "$(TARGET_NAME)";
				REGISTER_APP_GROUPS = YES;
				RUNTIME_EXCEPTION_ALLOW_DYLD_ENVIRONMENT_VARIABLES = NO;
				RUNTIME_EXCEPTION_ALLOW_JIT = NO;
				RUNTIME_EXCEPTION_ALLOW_UNSIGNED_EXECUTABLE_MEMORY = NO;
				RUNTIME_EXCEPTION_DEBUGGING_TOOL = NO;
				RUNTIME_EXCEPTION_DISABLE_EXECUTABLE_PAGE_PROTECTION = NO;
				RUNTIME_EXCEPTION_DISABLE_LIBRARY_VALIDATION = NO;
				STRING_CATALOG_GENERATE_SYMBOLS = YES;
				SWIFT_APPROACHABLE_CONCURRENCY = YES;
				SWIFT_DEFAULT_ACTOR_ISOLATION = MainActor;
				SWIFT_EMIT_LOC_STRINGS = YES;
				SWIFT_UPCOMING_FEATURE_MEMBER_IMPORT_VISIBILITY = YES;
				SWIFT_VERSION = 5.0;
			};
			name = Debug;
		};
		0A789B462F0C454F0022B708 /* Release */ = {
			isa = XCBuildConfiguration;
			buildSettings = {
				ASSETCATALOG_COMPILER_APPICON_NAME = AppIcon;
				ASSETCATALOG_COMPILER_GLOBAL_ACCENT_COLOR_NAME = AccentColor;
				AUTOMATION_APPLE_EVENTS = NO;
				CODE_SIGN_STYLE = Automatic;
				COMBINE_HIDPI_IMAGES = YES;
				CURRENT_PROJECT_VERSION = 1;
				DEVELOPMENT_TEAM = 542GXYT5Z2;
				ENABLE_APP_SANDBOX = NO;
				ENABLE_HARDENED_RUNTIME = NO;
				ENABLE_PREVIEWS = YES;
				ENABLE_RESOURCE_ACCESS_AUDIO_INPUT = NO;
				ENABLE_RESOURCE_ACCESS_CALENDARS = NO;
				ENABLE_RESOURCE_ACCESS_CAMERA = NO;
				ENABLE_RESOURCE_ACCESS_CONTACTS = NO;
				ENABLE_RESOURCE_ACCESS_LOCATION = NO;
				ENABLE_RESOURCE_ACCESS_PHOTO_LIBRARY = NO;
				GENERATE_INFOPLIST_FILE = NO;
				INFOPLIST_FILE = "File City/Resources/Info.plist";
				INFOPLIST_KEY_NSHumanReadableCopyright = "";
				LD_RUNPATH_SEARCH_PATHS = (
					"$(inherited)",
					"@executable_path/../Frameworks",
				);
				MARKETING_VERSION = 1.0;
				PRODUCT_BUNDLE_IDENTIFIER = "KevinTang.File-City";
				PRODUCT_NAME = "$(TARGET_NAME)";
				REGISTER_APP_GROUPS = YES;
				RUNTIME_EXCEPTION_ALLOW_DYLD_ENVIRONMENT_VARIABLES = NO;
				RUNTIME_EXCEPTION_ALLOW_JIT = NO;
				RUNTIME_EXCEPTION_ALLOW_UNSIGNED_EXECUTABLE_MEMORY = NO;
				RUNTIME_EXCEPTION_DEBUGGING_TOOL = NO;
				RUNTIME_EXCEPTION_DISABLE_EXECUTABLE_PAGE_PROTECTION = NO;
				RUNTIME_EXCEPTION_DISABLE_LIBRARY_VALIDATION = NO;
				STRING_CATALOG_GENERATE_SYMBOLS = YES;
				SWIFT_APPROACHABLE_CONCURRENCY = YES;
				SWIFT_DEFAULT_ACTOR_ISOLATION = MainActor;
				SWIFT_EMIT_LOC_STRINGS = YES;
				SWIFT_UPCOMING_FEATURE_MEMBER_IMPORT_VISIBILITY = YES;
				SWIFT_VERSION = 5.0;
			};
			name = Release;
		};
		0A789B482F0C454F0022B708 /* Debug */ = {
			isa = XCBuildConfiguration;
			buildSettings = {
				BUNDLE_LOADER = "$(TEST_HOST)";
				CODE_SIGN_STYLE = Automatic;
				CURRENT_PROJECT_VERSION = 1;
				DEVELOPMENT_TEAM = 542GXYT5Z2;
				GENERATE_INFOPLIST_FILE = YES;
				MACOSX_DEPLOYMENT_TARGET = 26.2;
				MARKETING_VERSION = 1.0;
				PRODUCT_BUNDLE_IDENTIFIER = "KevinTang.File-CityTests";
				PRODUCT_NAME = "$(TARGET_NAME)";
				STRING_CATALOG_GENERATE_SYMBOLS = NO;
				SWIFT_APPROACHABLE_CONCURRENCY = YES;
				SWIFT_EMIT_LOC_STRINGS = NO;
				SWIFT_UPCOMING_FEATURE_MEMBER_IMPORT_VISIBILITY = YES;
				SWIFT_VERSION = 5.0;
				TEST_HOST = "$(BUILT_PRODUCTS_DIR)/File City.app/$(BUNDLE_EXECUTABLE_FOLDER_PATH)/File City";
			};
			name = Debug;
		};
		0A789B492F0C454F0022B708 /* Release */ = {
			isa = XCBuildConfiguration;
			buildSettings = {
				BUNDLE_LOADER = "$(TEST_HOST)";
				CODE_SIGN_STYLE = Automatic;
				CURRENT_PROJECT_VERSION = 1;
				DEVELOPMENT_TEAM = 542GXYT5Z2;
				GENERATE_INFOPLIST_FILE = YES;
				MACOSX_DEPLOYMENT_TARGET = 26.2;
				MARKETING_VERSION = 1.0;
				PRODUCT_BUNDLE_IDENTIFIER = "KevinTang.File-CityTests";
				PRODUCT_NAME = "$(TARGET_NAME)";
				STRING_CATALOG_GENERATE_SYMBOLS = NO;
				SWIFT_APPROACHABLE_CONCURRENCY = YES;
				SWIFT_EMIT_LOC_STRINGS = NO;
				SWIFT_UPCOMING_FEATURE_MEMBER_IMPORT_VISIBILITY = YES;
				SWIFT_VERSION = 5.0;
				TEST_HOST = "$(BUILT_PRODUCTS_DIR)/File City.app/$(BUNDLE_EXECUTABLE_FOLDER_PATH)/File City";
			};
			name = Release;
		};
		0A789B4B2F0C454F0022B708 /* Debug */ = {
			isa = XCBuildConfiguration;
			buildSettings = {
				CODE_SIGN_STYLE = Automatic;
				CURRENT_PROJECT_VERSION = 1;
				DEVELOPMENT_TEAM = 542GXYT5Z2;
				GENERATE_INFOPLIST_FILE = YES;
				MARKETING_VERSION = 1.0;
				PRODUCT_BUNDLE_IDENTIFIER = "KevinTang.File-CityUITests";
				PRODUCT_NAME = "$(TARGET_NAME)";
				STRING_CATALOG_GENERATE_SYMBOLS = NO;
				SWIFT_APPROACHABLE_CONCURRENCY = YES;
				SWIFT_EMIT_LOC_STRINGS = NO;
				SWIFT_UPCOMING_FEATURE_MEMBER_IMPORT_VISIBILITY = YES;
				SWIFT_VERSION = 5.0;
				TEST_TARGET_NAME = "File City";
			};
			name = Debug;
		};
		0A789B4C2F0C454F0022B708 /* Release */ = {
			isa = XCBuildConfiguration;
			buildSettings = {
				CODE_SIGN_STYLE = Automatic;
				CURRENT_PROJECT_VERSION = 1;
				DEVELOPMENT_TEAM = 542GXYT5Z2;
				GENERATE_INFOPLIST_FILE = YES;
				MARKETING_VERSION = 1.0;
				PRODUCT_BUNDLE_IDENTIFIER = "KevinTang.File-CityUITests";
				PRODUCT_NAME = "$(TARGET_NAME)";
				STRING_CATALOG_GENERATE_SYMBOLS = NO;
				SWIFT_APPROACHABLE_CONCURRENCY = YES;
				SWIFT_EMIT_LOC_STRINGS = NO;
				SWIFT_UPCOMING_FEATURE_MEMBER_IMPORT_VISIBILITY = YES;
				SWIFT_VERSION = 5.0;
				TEST_TARGET_NAME = "File City";
			};
			name = Release;
		};
		04169986CBC54E8CA89991F9 /* Debug */ = {
			isa = XCBuildConfiguration;
			buildSettings = {
				CODE_SIGN_IDENTITY = "Apple Development";
				CODE_SIGN_STYLE = Automatic;
				CREATE_INFOPLIST_SECTION_IN_BINARY = YES;
				CURRENT_PROJECT_VERSION = 1;
				DEVELOPMENT_TEAM = 542GXYT5Z2;
				ENABLE_HARDENED_RUNTIME = YES;
				INFOPLIST_FILE = Helper/Info.plist;
				MACOSX_DEPLOYMENT_TARGET = 14.0;
				MARKETING_VERSION = 1.0;
				OTHER_LDFLAGS = (
					"-sectcreate",
					__TEXT,
					__launchd_plist,
					"$(SRCROOT)/Helper/launchd.plist",
				);
				PRODUCT_BUNDLE_IDENTIFIER = "com.kevintang.filecity.helper";
				PRODUCT_NAME = "$(TARGET_NAME)";
				SKIP_INSTALL = YES;
				SWIFT_APPROACHABLE_CONCURRENCY = YES;
				SWIFT_VERSION = 5.0;
			};
			name = Debug;
		};
		28F57168EB7C468380927B8E /* Release */ = {
			isa = XCBuildConfiguration;
			buildSettings = {
				CODE_SIGN_IDENTITY = "Apple Development";
				CODE_SIGN_STYLE = Automatic;
				CREATE_INFOPLIST_SECTION_IN_BINARY = YES;
				CURRENT_PROJECT_VERSION = 1;
				DEVELOPMENT_TEAM = 542GXYT5Z2;
				ENABLE_HARDENED_RUNTIME = YES;
				INFOPLIST_FILE = Helper/Info.plist;
				MACOSX_DEPLOYMENT_TARGET = 14.0;
				MARKETING_VERSION = 1.0;
				OTHER_LDFLAGS = (
					"-sectcreate",
					__TEXT,
					__launchd_plist,
					"$(SRCROOT)/Helper/launchd.plist",
				);
				PRODUCT_BUNDLE_IDENTIFIER = "com.kevintang.filecity.helper";
				PRODUCT_NAME = "$(TARGET_NAME)";
				SKIP_INSTALL = YES;
				SWIFT_APPROACHABLE_CONCURRENCY = YES;
				SWIFT_VERSION = 5.0;
			};
			name = Release;
		};
/* End XCBuildConfiguration section */

/* Begin XCConfigurationList section */
		0A789B1E2F0C454E0022B708 /* Build configuration list for PBXProject "File City" */ = {
			isa = XCConfigurationList;
			buildConfigurations = (
				0A789B422F0C454F0022B708 /* Debug */,
				0A789B432F0C454F0022B708 /* Release */,
			);
			defaultConfigurationIsVisible = 0;
			defaultConfigurationName = Release;
		};
		0A789B442F0C454F0022B708 /* Build configuration list for PBXNativeTarget "File City" */ = {
			isa = XCConfigurationList;
			buildConfigurations = (
				0A789B452F0C454F0022B708 /* Debug */,
				0A789B462F0C454F0022B708 /* Release */,
			);
			defaultConfigurationIsVisible = 0;
			defaultConfigurationName = Release;
		};
		0A789B472F0C454F0022B708 /* Build configuration list for PBXNativeTarget "File CityTests" */ = {
			isa = XCConfigurationList;
			buildConfigurations = (
				0A789B482F0C454F0022B708 /* Debug */,
				0A789B492F0C454F0022B708 /* Release */,
			);
			defaultConfigurationIsVisible = 0;
			defaultConfigurationName = Release;
		};
		0A789B4A2F0C454F0022B708 /* Build configuration list for PBXNativeTarget "File CityUITests" */ = {
			isa = XCConfigurationList;
			buildConfigurations = (
				0A789B4B2F0C454F0022B708 /* Debug */,
				0A789B4C2F0C454F0022B708 /* Release */,
			);
			defaultConfigurationIsVisible = 0;
			defaultConfigurationName = Release;
		};
		A48332CC4FB4429384417594 /* Build configuration list for PBXNativeTarget "com.kevintang.filecity.helper" */ = {
			isa = XCConfigurationList;
			buildConfigurations = (
				04169986CBC54E8CA89991F9 /* Debug */,
				28F57168EB7C468380927B8E /* Release */,
			);
			defaultConfigurationIsVisible = 0;
			defaultConfigurationName = Release;
		};
/* End XCConfigurationList section */
	};
	rootObject = 0A789B1B2F0C454E0022B708 /* Project object */;
}
